
Microsoft Visual Studio Solution File, Format Version 12.00
# Visual Studio Version 17
VisualStudioVersion = 17.11.35222.181
MinimumVisualStudioVersion = 10.0.40219.1
Project("{8BC9CEB8-8B4A-11D0-8D11-00A0C91BC942}") = "MultiThread", "..\MultiThread\MultiThread.vcxproj", "{BBBF0426-23C3-4369-8DE1-04BC4EC8F5FF}"
EndProject
Project("{8BC9CEB8-8B4A-11D0-8D11-00A0C91BC942}") = "Friend", "Friend\Friend.vcxproj", "{2B18B085-EA52-4B8B-8334-A001BD74F087}"
EndProject
Project("{8BC9CEB8-8B4A-11D0-8D11-00A0C91BC942}") = "宏", "宏\宏.vcxproj", "{5DE49C3E-16B8-4A25-9CDF-0D8F66790C6E}"
EndProject
Project("{8BC9CEB8-8B4A-11D0-8D11-00A0C91BC942}") = "算法", "算法\算法.vcxproj", "{2D5D5C08-9E5F-4DFC-8F61-EE3326F046E7}"
EndProject
Project("{8BC9CEB8-8B4A-11D0-8D11-00A0C91BC942}") = "EnumClass", "EnumClass\EnumClass.vcxproj", "{320DB180-FDB5-4C8F-81E7-A99A4A33DFF3}"
EndProject
Project("{8BC9CEB8-8B4A-11D0-8D11-00A0C91BC942}") = "GC", "&\&.vcxproj", "{9E9B88D3-5224-49F5-8094-926B839B489F}"
EndProject
Project("{8BC9CEB8-8B4A-11D0-8D11-00A0C91BC942}") = "虚函数与析构函数", "虚函数与析构函数\虚函数与析构函数.vcxproj", "{11056AAD-72CA-49A3-8B9B-4E36B3FA44F5}"
EndProject
Project("{8BC9CEB8-8B4A-11D0-8D11-00A0C91BC942}") = "lambda", "lambda\lambda.vcxproj", "{2A88C142-14F5-48D6-8DD7-25ACFEB62115}"
EndProject
Project("{8BC9CEB8-8B4A-11D0-8D11-00A0C91BC942}") = "奇异递归模版模式", "奇异递归模版模式\奇异递归模版模式.vcxproj", "{317CD679-8DFF-4348-8885-7C710A6CA439}"
EndProject
Project("{8BC9CEB8-8B4A-11D0-8D11-00A0C91BC942}") = "funtion与bind", "funtion与bind\funtion与bind.vcxproj", "{95CCD37D-FF20-472F-B03B-B541DDCD1BDA}"
EndProject
Project("{8BC9CEB8-8B4A-11D0-8D11-00A0C91BC942}") = "模版类以及typename点点点的用法", "模版类以及typename点点点的用法\模版类以及typename点点点的用法.vcxproj", "{4BDC72A3-31AF-4696-AA31-FE160022091F}"
EndProject
Project("{8BC9CEB8-8B4A-11D0-8D11-00A0C91BC942}") = "列表初始化", "列表初始化\列表初始化.vcxproj", "{BCCF1FC2-9490-473F-AAFA-E85A8DC73CD7}"
EndProject
Project("{8BC9CEB8-8B4A-11D0-8D11-00A0C91BC942}") = "静态成员变量定义", "静态成员变量定义\静态成员变量定义.vcxproj", "{E2721841-84B4-4EBD-84B1-48A98D66773C}"
EndProject
Project("{8BC9CEB8-8B4A-11D0-8D11-00A0C91BC942}") = "左值与右值以及各种对应的引用", "左值与右值以及各种对应的引用\左值与右值以及各种对应的引用.vcxproj", "{8F03B7FD-DD2A-4D63-AD25-7B5A564CDCD5}"
EndProject
Project("{8BC9CEB8-8B4A-11D0-8D11-00A0C91BC942}") = "const_cast", "const_cast\const_cast.vcxproj", "{4217F8E9-65F0-4913-B69A-CC74AA5B9BEE}"
EndProject
Global
	GlobalSection(SolutionConfigurationPlatforms) = preSolution
		Debug|x64 = Debug|x64
		Debug|x86 = Debug|x86
		Release|x64 = Release|x64
		Release|x86 = Release|x86
	EndGlobalSection
	GlobalSection(ProjectConfigurationPlatforms) = postSolution
		{BBBF0426-23C3-4369-8DE1-04BC4EC8F5FF}.Debug|x64.ActiveCfg = Debug|x64
		{BBBF0426-23C3-4369-8DE1-04BC4EC8F5FF}.Debug|x64.Build.0 = Debug|x64
		{BBBF0426-23C3-4369-8DE1-04BC4EC8F5FF}.Debug|x86.ActiveCfg = Debug|Win32
		{BBBF0426-23C3-4369-8DE1-04BC4EC8F5FF}.Debug|x86.Build.0 = Debug|Win32
		{BBBF0426-23C3-4369-8DE1-04BC4EC8F5FF}.Release|x64.ActiveCfg = Release|x64
		{BBBF0426-23C3-4369-8DE1-04BC4EC8F5FF}.Release|x64.Build.0 = Release|x64
		{BBBF0426-23C3-4369-8DE1-04BC4EC8F5FF}.Release|x86.ActiveCfg = Release|Win32
		{BBBF0426-23C3-4369-8DE1-04BC4EC8F5FF}.Release|x86.Build.0 = Release|Win32
		{2B18B085-EA52-4B8B-8334-A001BD74F087}.Debug|x64.ActiveCfg = Debug|x64
		{2B18B085-EA52-4B8B-8334-A001BD74F087}.Debug|x64.Build.0 = Debug|x64
		{2B18B085-EA52-4B8B-8334-A001BD74F087}.Debug|x86.ActiveCfg = Debug|Win32
		{2B18B085-EA52-4B8B-8334-A001BD74F087}.Debug|x86.Build.0 = Debug|Win32
		{2B18B085-EA52-4B8B-8334-A001BD74F087}.Release|x64.ActiveCfg = Release|x64
		{2B18B085-EA52-4B8B-8334-A001BD74F087}.Release|x64.Build.0 = Release|x64
		{2B18B085-EA52-4B8B-8334-A001BD74F087}.Release|x86.ActiveCfg = Release|Win32
		{2B18B085-EA52-4B8B-8334-A001BD74F087}.Release|x86.Build.0 = Release|Win32
		{5DE49C3E-16B8-4A25-9CDF-0D8F66790C6E}.Debug|x64.ActiveCfg = Debug|x64
		{5DE49C3E-16B8-4A25-9CDF-0D8F66790C6E}.Debug|x64.Build.0 = Debug|x64
		{5DE49C3E-16B8-4A25-9CDF-0D8F66790C6E}.Debug|x86.ActiveCfg = Debug|Win32
		{5DE49C3E-16B8-4A25-9CDF-0D8F66790C6E}.Debug|x86.Build.0 = Debug|Win32
		{5DE49C3E-16B8-4A25-9CDF-0D8F66790C6E}.Release|x64.ActiveCfg = Release|x64
		{5DE49C3E-16B8-4A25-9CDF-0D8F66790C6E}.Release|x64.Build.0 = Release|x64
		{5DE49C3E-16B8-4A25-9CDF-0D8F66790C6E}.Release|x86.ActiveCfg = Release|Win32
		{5DE49C3E-16B8-4A25-9CDF-0D8F66790C6E}.Release|x86.Build.0 = Release|Win32
		{2D5D5C08-9E5F-4DFC-8F61-EE3326F046E7}.Debug|x64.ActiveCfg = Debug|x64
		{2D5D5C08-9E5F-4DFC-8F61-EE3326F046E7}.Debug|x64.Build.0 = Debug|x64
		{2D5D5C08-9E5F-4DFC-8F61-EE3326F046E7}.Debug|x86.ActiveCfg = Debug|Win32
		{2D5D5C08-9E5F-4DFC-8F61-EE3326F046E7}.Debug|x86.Build.0 = Debug|Win32
		{2D5D5C08-9E5F-4DFC-8F61-EE3326F046E7}.Release|x64.ActiveCfg = Release|x64
		{2D5D5C08-9E5F-4DFC-8F61-EE3326F046E7}.Release|x64.Build.0 = Release|x64
		{2D5D5C08-9E5F-4DFC-8F61-EE3326F046E7}.Release|x86.ActiveCfg = Release|Win32
		{2D5D5C08-9E5F-4DFC-8F61-EE3326F046E7}.Release|x86.Build.0 = Release|Win32
		{320DB180-FDB5-4C8F-81E7-A99A4A33DFF3}.Debug|x64.ActiveCfg = Debug|x64
		{320DB180-FDB5-4C8F-81E7-A99A4A33DFF3}.Debug|x64.Build.0 = Debug|x64
		{320DB180-FDB5-4C8F-81E7-A99A4A33DFF3}.Debug|x86.ActiveCfg = Debug|Win32
		{320DB180-FDB5-4C8F-81E7-A99A4A33DFF3}.Debug|x86.Build.0 = Debug|Win32
		{320DB180-FDB5-4C8F-81E7-A99A4A33DFF3}.Release|x64.ActiveCfg = Release|x64
		{320DB180-FDB5-4C8F-81E7-A99A4A33DFF3}.Release|x64.Build.0 = Release|x64
		{320DB180-FDB5-4C8F-81E7-A99A4A33DFF3}.Release|x86.ActiveCfg = Release|Win32
		{320DB180-FDB5-4C8F-81E7-A99A4A33DFF3}.Release|x86.Build.0 = Release|Win32
		{9E9B88D3-5224-49F5-8094-926B839B489F}.Debug|x64.ActiveCfg = Debug|x64
		{9E9B88D3-5224-49F5-8094-926B839B489F}.Debug|x64.Build.0 = Debug|x64
		{9E9B88D3-5224-49F5-8094-926B839B489F}.Debug|x86.ActiveCfg = Debug|Win32
		{9E9B88D3-5224-49F5-8094-926B839B489F}.Debug|x86.Build.0 = Debug|Win32
		{9E9B88D3-5224-49F5-8094-926B839B489F}.Release|x64.ActiveCfg = Release|x64
		{9E9B88D3-5224-49F5-8094-926B839B489F}.Release|x64.Build.0 = Release|x64
		{9E9B88D3-5224-49F5-8094-926B839B489F}.Release|x86.ActiveCfg = Release|Win32
		{9E9B88D3-5224-49F5-8094-926B839B489F}.Release|x86.Build.0 = Release|Win32
		{11056AAD-72CA-49A3-8B9B-4E36B3FA44F5}.Debug|x64.ActiveCfg = Debug|x64
		{11056AAD-72CA-49A3-8B9B-4E36B3FA44F5}.Debug|x64.Build.0 = Debug|x64
		{11056AAD-72CA-49A3-8B9B-4E36B3FA44F5}.Debug|x86.ActiveCfg = Debug|Win32
		{11056AAD-72CA-49A3-8B9B-4E36B3FA44F5}.Debug|x86.Build.0 = Debug|Win32
		{11056AAD-72CA-49A3-8B9B-4E36B3FA44F5}.Release|x64.ActiveCfg = Release|x64
		{11056AAD-72CA-49A3-8B9B-4E36B3FA44F5}.Release|x64.Build.0 = Release|x64
		{11056AAD-72CA-49A3-8B9B-4E36B3FA44F5}.Release|x86.ActiveCfg = Release|Win32
		{11056AAD-72CA-49A3-8B9B-4E36B3FA44F5}.Release|x86.Build.0 = Release|Win32
		{2A88C142-14F5-48D6-8DD7-25ACFEB62115}.Debug|x64.ActiveCfg = Debug|x64
		{2A88C142-14F5-48D6-8DD7-25ACFEB62115}.Debug|x64.Build.0 = Debug|x64
		{2A88C142-14F5-48D6-8DD7-25ACFEB62115}.Debug|x86.ActiveCfg = Debug|Win32
		{2A88C142-14F5-48D6-8DD7-25ACFEB62115}.Debug|x86.Build.0 = Debug|Win32
		{2A88C142-14F5-48D6-8DD7-25ACFEB62115}.Release|x64.ActiveCfg = Release|x64
		{2A88C142-14F5-48D6-8DD7-25ACFEB62115}.Release|x64.Build.0 = Release|x64
		{2A88C142-14F5-48D6-8DD7-25ACFEB62115}.Release|x86.ActiveCfg = Release|Win32
		{2A88C142-14F5-48D6-8DD7-25ACFEB62115}.Release|x86.Build.0 = Release|Win32
		{317CD679-8DFF-4348-8885-7C710A6CA439}.Debug|x64.ActiveCfg = Debug|x64
		{317CD679-8DFF-4348-8885-7C710A6CA439}.Debug|x64.Build.0 = Debug|x64
		{317CD679-8DFF-4348-8885-7C710A6CA439}.Debug|x86.ActiveCfg = Debug|Win32
		{317CD679-8DFF-4348-8885-7C710A6CA439}.Debug|x86.Build.0 = Debug|Win32
		{317CD679-8DFF-4348-8885-7C710A6CA439}.Release|x64.ActiveCfg = Release|x64
		{317CD679-8DFF-4348-8885-7C710A6CA439}.Release|x64.Build.0 = Release|x64
		{317CD679-8DFF-4348-8885-7C710A6CA439}.Release|x86.ActiveCfg = Release|Win32
		{317CD679-8DFF-4348-8885-7C710A6CA439}.Release|x86.Build.0 = Release|Win32
		{95CCD37D-FF20-472F-B03B-B541DDCD1BDA}.Debug|x64.ActiveCfg = Debug|x64
		{95CCD37D-FF20-472F-B03B-B541DDCD1BDA}.Debug|x64.Build.0 = Debug|x64
		{95CCD37D-FF20-472F-B03B-B541DDCD1BDA}.Debug|x86.ActiveCfg = Debug|Win32
		{95CCD37D-FF20-472F-B03B-B541DDCD1BDA}.Debug|x86.Build.0 = Debug|Win32
		{95CCD37D-FF20-472F-B03B-B541DDCD1BDA}.Release|x64.ActiveCfg = Release|x64
		{95CCD37D-FF20-472F-B03B-B541DDCD1BDA}.Release|x64.Build.0 = Release|x64
		{95CCD37D-FF20-472F-B03B-B541DDCD1BDA}.Release|x86.ActiveCfg = Release|Win32
		{95CCD37D-FF20-472F-B03B-B541DDCD1BDA}.Release|x86.Build.0 = Release|Win32
		{4BDC72A3-31AF-4696-AA31-FE160022091F}.Debug|x64.ActiveCfg = Debug|x64
		{4BDC72A3-31AF-4696-AA31-FE160022091F}.Debug|x64.Build.0 = Debug|x64
		{4BDC72A3-31AF-4696-AA31-FE160022091F}.Debug|x86.ActiveCfg = Debug|Win32
		{4BDC72A3-31AF-4696-AA31-FE160022091F}.Debug|x86.Build.0 = Debug|Win32
		{4BDC72A3-31AF-4696-AA31-FE160022091F}.Release|x64.ActiveCfg = Release|x64
		{4BDC72A3-31AF-4696-AA31-FE160022091F}.Release|x64.Build.0 = Release|x64
		{4BDC72A3-31AF-4696-AA31-FE160022091F}.Release|x86.ActiveCfg = Release|Win32
		{4BDC72A3-31AF-4696-AA31-FE160022091F}.Release|x86.Build.0 = Release|Win32
		{BCCF1FC2-9490-473F-AAFA-E85A8DC73CD7}.Debug|x64.ActiveCfg = Debug|x64
		{BCCF1FC2-9490-473F-AAFA-E85A8DC73CD7}.Debug|x64.Build.0 = Debug|x64
		{BCCF1FC2-9490-473F-AAFA-E85A8DC73CD7}.Debug|x86.ActiveCfg = Debug|Win32
		{BCCF1FC2-9490-473F-AAFA-E85A8DC73CD7}.Debug|x86.Build.0 = Debug|Win32
		{BCCF1FC2-9490-473F-AAFA-E85A8DC73CD7}.Release|x64.ActiveCfg = Release|x64
		{BCCF1FC2-9490-473F-AAFA-E85A8DC73CD7}.Release|x64.Build.0 = Release|x64
		{BCCF1FC2-9490-473F-AAFA-E85A8DC73CD7}.Release|x86.ActiveCfg = Release|Win32
		{BCCF1FC2-9490-473F-AAFA-E85A8DC73CD7}.Release|x86.Build.0 = Release|Win32
		{E2721841-84B4-4EBD-84B1-48A98D66773C}.Debug|x64.ActiveCfg = Debug|x64
		{E2721841-84B4-4EBD-84B1-48A98D66773C}.Debug|x64.Build.0 = Debug|x64
		{E2721841-84B4-4EBD-84B1-48A98D66773C}.Debug|x86.ActiveCfg = Debug|Win32
		{E2721841-84B4-4EBD-84B1-48A98D66773C}.Debug|x86.Build.0 = Debug|Win32
		{E2721841-84B4-4EBD-84B1-48A98D66773C}.Release|x64.ActiveCfg = Release|x64
		{E2721841-84B4-4EBD-84B1-48A98D66773C}.Release|x64.Build.0 = Release|x64
		{E2721841-84B4-4EBD-84B1-48A98D66773C}.Release|x86.ActiveCfg = Release|Win32
		{E2721841-84B4-4EBD-84B1-48A98D66773C}.Release|x86.Build.0 = Release|Win32
		{8F03B7FD-DD2A-4D63-AD25-7B5A564CDCD5}.Debug|x64.ActiveCfg = Debug|x64
		{8F03B7FD-DD2A-4D63-AD25-7B5A564CDCD5}.Debug|x64.Build.0 = Debug|x64
		{8F03B7FD-DD2A-4D63-AD25-7B5A564CDCD5}.Debug|x86.ActiveCfg = Debug|Win32
		{8F03B7FD-DD2A-4D63-AD25-7B5A564CDCD5}.Debug|x86.Build.0 = Debug|Win32
		{8F03B7FD-DD2A-4D63-AD25-7B5A564CDCD5}.Release|x64.ActiveCfg = Release|x64
		{8F03B7FD-DD2A-4D63-AD25-7B5A564CDCD5}.Release|x64.Build.0 = Release|x64
		{8F03B7FD-DD2A-4D63-AD25-7B5A564CDCD5}.Release|x86.ActiveCfg = Release|Win32
		{8F03B7FD-DD2A-4D63-AD25-7B5A564CDCD5}.Release|x86.Build.0 = Release|Win32
		{4217F8E9-65F0-4913-B69A-CC74AA5B9BEE}.Debug|x64.ActiveCfg = Debug|x64
		{4217F8E9-65F0-4913-B69A-CC74AA5B9BEE}.Debug|x64.Build.0 = Debug|x64
		{4217F8E9-65F0-4913-B69A-CC74AA5B9BEE}.Debug|x86.ActiveCfg = Debug|Win32
		{4217F8E9-65F0-4913-B69A-CC74AA5B9BEE}.Debug|x86.Build.0 = Debug|Win32
		{4217F8E9-65F0-4913-B69A-CC74AA5B9BEE}.Release|x64.ActiveCfg = Release|x64
		{4217F8E9-65F0-4913-B69A-CC74AA5B9BEE}.Release|x64.Build.0 = Release|x64
		{4217F8E9-65F0-4913-B69A-CC74AA5B9BEE}.Release|x86.ActiveCfg = Release|Win32
		{4217F8E9-65F0-4913-B69A-CC74AA5B9BEE}.Release|x86.Build.0 = Release|Win32
	EndGlobalSection
	GlobalSection(SolutionProperties) = preSolution
		HideSolutionNode = FALSE
	EndGlobalSection
	GlobalSection(ExtensibilityGlobals) = postSolution
		SolutionGuid = {25DFD127-2661-4A07-87A4-9269EC12FDBA}
	EndGlobalSection
EndGlobal
